
Microsoft Visual Studio Solution File, Format Version 12.00
# Visual Studio 15
VisualStudioVersion = 15.0.26228.9
MinimumVisualStudioVersion = 10.0.40219.1
Project("{FAE04EC0-301F-11D3-BF4B-00C04F79EFBC}") = "TRMDataManager", "TRMDataManager\TRMDataManager.csproj", "{5605D153-B778-4AA5-96C4-BFA32DDAB8E7}"
EndProject
Project("{00D1A9C2-B5F0-4AF3-8072-F6C62B433612}") = "TRMData", "Database1\TRMData.sqlproj", "{8463EDA8-3D55-449F-A31E-357C8E62EEB6}"
EndProject
Project("{FAE04EC0-301F-11D3-BF4B-00C04F79EFBC}") = "TRMDesktopUI", "TRMDesktopUI\TRMDesktopUI.csproj", "{FB59227C-3C5F-4A3F-B97F-38CD5860D986}"
EndProject
Global
	GlobalSection(SolutionConfigurationPlatforms) = preSolution
		Debug|Any CPU = Debug|Any CPU
		Release|Any CPU = Release|Any CPU
	EndGlobalSection
	GlobalSection(ProjectConfigurationPlatforms) = postSolution
		{5605D153-B778-4AA5-96C4-BFA32DDAB8E7}.Debug|Any CPU.ActiveCfg = Debug|Any CPU
		{5605D153-B778-4AA5-96C4-BFA32DDAB8E7}.Debug|Any CPU.Build.0 = Debug|Any CPU
		{5605D153-B778-4AA5-96C4-BFA32DDAB8E7}.Release|Any CPU.ActiveCfg = Release|Any CPU
		{5605D153-B778-4AA5-96C4-BFA32DDAB8E7}.Release|Any CPU.Build.0 = Release|Any CPU
		{8463EDA8-3D55-449F-A31E-357C8E62EEB6}.Debug|Any CPU.ActiveCfg = Debug|Any CPU
		{8463EDA8-3D55-449F-A31E-357C8E62EEB6}.Debug|Any CPU.Build.0 = Debug|Any CPU
		{8463EDA8-3D55-449F-A31E-357C8E62EEB6}.Debug|Any CPU.Deploy.0 = Debug|Any CPU
		{8463EDA8-3D55-449F-A31E-357C8E62EEB6}.Release|Any CPU.ActiveCfg = Release|Any CPU
		{8463EDA8-3D55-449F-A31E-357C8E62EEB6}.Release|Any CPU.Build.0 = Release|Any CPU
		{8463EDA8-3D55-449F-A31E-357C8E62EEB6}.Release|Any CPU.Deploy.0 = Release|Any CPU
		{FB59227C-3C5F-4A3F-B97F-38CD5860D986}.Debug|Any CPU.ActiveCfg = Debug|Any CPU
		{FB59227C-3C5F-4A3F-B97F-38CD5860D986}.Debug|Any CPU.Build.0 = Debug|Any CPU
		{FB59227C-3C5F-4A3F-B97F-38CD5860D986}.Release|Any CPU.ActiveCfg = Release|Any CPU
		{FB59227C-3C5F-4A3F-B97F-38CD5860D986}.Release|Any CPU.Build.0 = Release|Any CPU
	EndGlobalSection
	GlobalSection(SolutionProperties) = preSolution
		HideSolutionNode = FALSE
	EndGlobalSection
EndGlobal
